
Microsoft Visual Studio Solution File, Format Version 12.00
# Visual Studio 15
VisualStudioVersion = 15.0.26730.12
MinimumVisualStudioVersion = 10.0.40219.1
Project("{9A19103F-16F7-4668-BE54-9A1E7A4F7556}") = "RandomQuoteMachine", "RandomQuoteMachine\RandomQuoteMachine.csproj", "{B2868E11-876B-4E9C-BEED-84E53291DBF9}"
EndProject
Project("{9A19103F-16F7-4668-BE54-9A1E7A4F7556}") = "RandomQuote.IntegrationTest", "RandomQuote.IntegrationTest\RandomQuote.IntegrationTest.csproj", "{8A13500C-627E-47EF-966B-FE9904953271}"
EndProject
Project("{FAE04EC0-301F-11D3-BF4B-00C04F79EFBC}") = "RandomQuote.UnitTest", "RandomQuote.UnitTest\RandomQuote.UnitTest.csproj", "{FCC49A06-C04C-4FFB-BD38-EF845129376E}"
EndProject
Global
	GlobalSection(SolutionConfigurationPlatforms) = preSolution
		Debug|Any CPU = Debug|Any CPU
		Release|Any CPU = Release|Any CPU
	EndGlobalSection
	GlobalSection(ProjectConfigurationPlatforms) = postSolution
		{B2868E11-876B-4E9C-BEED-84E53291DBF9}.Debug|Any CPU.ActiveCfg = Debug|Any CPU
		{B2868E11-876B-4E9C-BEED-84E53291DBF9}.Debug|Any CPU.Build.0 = Debug|Any CPU
		{B2868E11-876B-4E9C-BEED-84E53291DBF9}.Release|Any CPU.ActiveCfg = Release|Any CPU
		{B2868E11-876B-4E9C-BEED-84E53291DBF9}.Release|Any CPU.Build.0 = Release|Any CPU
		{8A13500C-627E-47EF-966B-FE9904953271}.Debug|Any CPU.ActiveCfg = Debug|Any CPU
		{8A13500C-627E-47EF-966B-FE9904953271}.Debug|Any CPU.Build.0 = Debug|Any CPU
		{8A13500C-627E-47EF-966B-FE9904953271}.Release|Any CPU.ActiveCfg = Release|Any CPU
		{8A13500C-627E-47EF-966B-FE9904953271}.Release|Any CPU.Build.0 = Release|Any CPU
		{FCC49A06-C04C-4FFB-BD38-EF845129376E}.Debug|Any CPU.ActiveCfg = Debug|Any CPU
		{FCC49A06-C04C-4FFB-BD38-EF845129376E}.Debug|Any CPU.Build.0 = Debug|Any CPU
		{FCC49A06-C04C-4FFB-BD38-EF845129376E}.Release|Any CPU.ActiveCfg = Release|Any CPU
		{FCC49A06-C04C-4FFB-BD38-EF845129376E}.Release|Any CPU.Build.0 = Release|Any CPU
	EndGlobalSection
	GlobalSection(SolutionProperties) = preSolution
		HideSolutionNode = FALSE
	EndGlobalSection
	GlobalSection(ExtensibilityGlobals) = postSolution
		SolutionGuid = {7E81D48E-F960-4EB1-A586-5A8E16D05969}
	EndGlobalSection
EndGlobal
